// !$*UTF8*$!
{
	archiveVersion = 1;
	classes = {
	};
	objectVersion = 56;
	objects = {

/* Begin PBXBuildFile section */
		C7A32FC429F08CC000519A89 /* foodAppWithReceiptViewApp.swift in Sources */ = {isa = PBXBuildFile; fileRef = C7A32FC329F08CC000519A89 /* foodAppWithReceiptViewApp.swift */; };
		C7A32FC629F08CC000519A89 /* ContentView.swift in Sources */ = {isa = PBXBuildFile; fileRef = C7A32FC529F08CC000519A89 /* ContentView.swift */; };
		C7A32FC829F08CC100519A89 /* Assets.xcassets in Resources */ = {isa = PBXBuildFile; fileRef = C7A32FC729F08CC100519A89 /* Assets.xcassets */; };
		C7A32FCC29F08CC100519A89 /* Preview Assets.xcassets in Resources */ = {isa = PBXBuildFile; fileRef = C7A32FCB29F08CC100519A89 /* Preview Assets.xcassets */; };
		C7A32FD629F08CC100519A89 /* foodAppWithReceiptViewTests.swift in Sources */ = {isa = PBXBuildFile; fileRef = C7A32FD529F08CC100519A89 /* foodAppWithReceiptViewTests.swift */; };
		C7A32FE029F08CC100519A89 /* foodAppWithReceiptViewUITests.swift in Sources */ = {isa = PBXBuildFile; fileRef = C7A32FDF29F08CC100519A89 /* foodAppWithReceiptViewUITests.swift */; };
		C7A32FE229F08CC100519A89 /* foodAppWithReceiptViewUITestsLaunchTests.swift in Sources */ = {isa = PBXBuildFile; fileRef = C7A32FE129F08CC100519A89 /* foodAppWithReceiptViewUITestsLaunchTests.swift */; };
		C7A32FEF29F08D8200519A89 /* FoodModel.swift in Sources */ = {isa = PBXBuildFile; fileRef = C7A32FEE29F08D8200519A89 /* FoodModel.swift */; };
		C7A32FF129F08DA700519A89 /* FoodItemOrder.swift in Sources */ = {isa = PBXBuildFile; fileRef = C7A32FF029F08DA700519A89 /* FoodItemOrder.swift */; };
		C7A32FF329F08DD000519A89 /* FoodOrder.swift in Sources */ = {isa = PBXBuildFile; fileRef = C7A32FF229F08DD000519A89 /* FoodOrder.swift */; };
		C7A32FF529F08E8600519A89 /* ApplicationData.swift in Sources */ = {isa = PBXBuildFile; fileRef = C7A32FF429F08E8600519A89 /* ApplicationData.swift */; };
		C7A32FF729F08EAD00519A89 /* DetailView.swift in Sources */ = {isa = PBXBuildFile; fileRef = C7A32FF629F08EAD00519A89 /* DetailView.swift */; };
		C7A32FF929F08EEB00519A89 /* ReceiptView.swift in Sources */ = {isa = PBXBuildFile; fileRef = C7A32FF829F08EEB00519A89 /* ReceiptView.swift */; };
/* End PBXBuildFile section */

/* Begin PBXContainerItemProxy section */
		C7A32FD229F08CC100519A89 /* PBXContainerItemProxy */ = {
			isa = PBXContainerItemProxy;
			containerPortal = C7A32FB829F08CC000519A89 /* Project object */;
			proxyType = 1;
			remoteGlobalIDString = C7A32FBF29F08CC000519A89;
			remoteInfo = foodAppWithReceiptView;
		};
		C7A32FDC29F08CC100519A89 /* PBXContainerItemProxy */ = {
			isa = PBXContainerItemProxy;
			containerPortal = C7A32FB829F08CC000519A89 /* Project object */;
			proxyType = 1;
			remoteGlobalIDString = C7A32FBF29F08CC000519A89;
			remoteInfo = foodAppWithReceiptView;
		};
/* End PBXContainerItemProxy section */

/* Begin PBXFileReference section */
		C7A32FC029F08CC000519A89 /* foodAppWithReceiptView.app */ = {isa = PBXFileReference; explicitFileType = wrapper.application; includeInIndex = 0; path = foodAppWithReceiptView.app; sourceTree = BUILT_PRODUCTS_DIR; };
		C7A32FC329F08CC000519A89 /* foodAppWithReceiptViewApp.swift */ = {isa = PBXFileReference; lastKnownFileType = sourcecode.swift; path = foodAppWithReceiptViewApp.swift; sourceTree = "<group>"; };
		C7A32FC529F08CC000519A89 /* ContentView.swift */ = {isa = PBXFileReference; lastKnownFileType = sourcecode.swift; path = ContentView.swift; sourceTree = "<group>"; };
		C7A32FC729F08CC100519A89 /* Assets.xcassets */ = {isa = PBXFileReference; lastKnownFileType = folder.assetcatalog; path = Assets.xcassets; sourceTree = "<group>"; };
		C7A32FC929F08CC100519A89 /* foodAppWithReceiptView.entitlements */ = {isa = PBXFileReference; lastKnownFileType = text.plist.entitlements; path = foodAppWithReceiptView.entitlements; sourceTree = "<group>"; };
		C7A32FCB29F08CC100519A89 /* Preview Assets.xcassets */ = {isa = PBXFileReference; lastKnownFileType = folder.assetcatalog; path = "Preview Assets.xcassets"; sourceTree = "<group>"; };
		C7A32FD129F08CC100519A89 /* foodAppWithReceiptViewTests.xctest */ = {isa = PBXFileReference; explicitFileType = wrapper.cfbundle; includeInIndex = 0; path = foodAppWithReceiptViewTests.xctest; sourceTree = BUILT_PRODUCTS_DIR; };
		C7A32FD529F08CC100519A89 /* foodAppWithReceiptViewTests.swift */ = {isa = PBXFileReference; lastKnownFileType = sourcecode.swift; path = foodAppWithReceiptViewTests.swift; sourceTree = "<group>"; };
		C7A32FDB29F08CC100519A89 /* foodAppWithReceiptViewUITests.xctest */ = {isa = PBXFileReference; explicitFileType = wrapper.cfbundle; includeInIndex = 0; path = foodAppWithReceiptViewUITests.xctest; sourceTree = BUILT_PRODUCTS_DIR; };
		C7A32FDF29F08CC100519A89 /* foodAppWithReceiptViewUITests.swift */ = {isa = PBXFileReference; lastKnownFileType = sourcecode.swift; path = foodAppWithReceiptViewUITests.swift; sourceTree = "<group>"; };
		C7A32FE129F08CC100519A89 /* foodAppWithReceiptViewUITestsLaunchTests.swift */ = {isa = PBXFileReference; lastKnownFileType = sourcecode.swift; path = foodAppWithReceiptViewUITestsLaunchTests.swift; sourceTree = "<group>"; };
		C7A32FEE29F08D8200519A89 /* FoodModel.swift */ = {isa = PBXFileReference; lastKnownFileType = sourcecode.swift; path = FoodModel.swift; sourceTree = "<group>"; };
		C7A32FF029F08DA700519A89 /* FoodItemOrder.swift */ = {isa = PBXFileReference; lastKnownFileType = sourcecode.swift; path = FoodItemOrder.swift; sourceTree = "<group>"; };
		C7A32FF229F08DD000519A89 /* FoodOrder.swift */ = {isa = PBXFileReference; lastKnownFileType = sourcecode.swift; path = FoodOrder.swift; sourceTree = "<group>"; };
		C7A32FF429F08E8600519A89 /* ApplicationData.swift */ = {isa = PBXFileReference; lastKnownFileType = sourcecode.swift; path = ApplicationData.swift; sourceTree = "<group>"; };
		C7A32FF629F08EAD00519A89 /* DetailView.swift */ = {isa = PBXFileReference; lastKnownFileType = sourcecode.swift; path = DetailView.swift; sourceTree = "<group>"; };
		C7A32FF829F08EEB00519A89 /* ReceiptView.swift */ = {isa = PBXFileReference; lastKnownFileType = sourcecode.swift; path = ReceiptView.swift; sourceTree = "<group>"; };
/* End PBXFileReference section */

/* Begin PBXFrameworksBuildPhase section */
		C7A32FBD29F08CC000519A89 /* Frameworks */ = {
			isa = PBXFrameworksBuildPhase;
			buildActionMask = 2147483647;
			files = (
			);
			runOnlyForDeploymentPostprocessing = 0;
		};
		C7A32FCE29F08CC100519A89 /* Frameworks */ = {
			isa = PBXFrameworksBuildPhase;
			buildActionMask = 2147483647;
			files = (
			);
			runOnlyForDeploymentPostprocessing = 0;
		};
		C7A32FD829F08CC100519A89 /* Frameworks */ = {
			isa = PBXFrameworksBuildPhase;
			buildActionMask = 2147483647;
			files = (
			);
			runOnlyForDeploymentPostprocessing = 0;
		};
/* End PBXFrameworksBuildPhase section */

/* Begin PBXGroup section */
		C7A32FB729F08CC000519A89 = {
			isa = PBXGroup;
			children = (
				C7A32FC229F08CC000519A89 /* foodAppWithReceiptView */,
				C7A32FD429F08CC100519A89 /* foodAppWithReceiptViewTests */,
				C7A32FDE29F08CC100519A89 /* foodAppWithReceiptViewUITests */,
				C7A32FC129F08CC000519A89 /* Products */,
			);
			sourceTree = "<group>";
		};
		C7A32FC129F08CC000519A89 /* Products */ = {
			isa = PBXGroup;
			children = (
				C7A32FC029F08CC000519A89 /* foodAppWithReceiptView.app */,
				C7A32FD129F08CC100519A89 /* foodAppWithReceiptViewTests.xctest */,
				C7A32FDB29F08CC100519A89 /* foodAppWithReceiptViewUITests.xctest */,
			);
			name = Products;
			sourceTree = "<group>";
		};
		C7A32FC229F08CC000519A89 /* foodAppWithReceiptView */ = {
			isa = PBXGroup;
			children = (
				C7A32FC329F08CC000519A89 /* foodAppWithReceiptViewApp.swift */,
				C7A32FEE29F08D8200519A89 /* FoodModel.swift */,
				C7A32FF029F08DA700519A89 /* FoodItemOrder.swift */,
				C7A32FF229F08DD000519A89 /* FoodOrder.swift */,
				C7A32FF429F08E8600519A89 /* ApplicationData.swift */,
				C7A32FC529F08CC000519A89 /* ContentView.swift */,
				C7A32FF629F08EAD00519A89 /* DetailView.swift */,
				C7A32FF829F08EEB00519A89 /* ReceiptView.swift */,
				C7A32FC729F08CC100519A89 /* Assets.xcassets */,
				C7A32FC929F08CC100519A89 /* foodAppWithReceiptView.entitlements */,
				C7A32FCA29F08CC100519A89 /* Preview Content */,
			);
			path = foodAppWithReceiptView;
			sourceTree = "<group>";
		};
		C7A32FCA29F08CC100519A89 /* Preview Content */ = {
			isa = PBXGroup;
			children = (
				C7A32FCB29F08CC100519A89 /* Preview Assets.xcassets */,
			);
			path = "Preview Content";
			sourceTree = "<group>";
		};
		C7A32FD429F08CC100519A89 /* foodAppWithReceiptViewTests */ = {
			isa = PBXGroup;
			children = (
				C7A32FD529F08CC100519A89 /* foodAppWithReceiptViewTests.swift */,
			);
			path = foodAppWithReceiptViewTests;
			sourceTree = "<group>";
		};
		C7A32FDE29F08CC100519A89 /* foodAppWithReceiptViewUITests */ = {
			isa = PBXGroup;
			children = (
				C7A32FDF29F08CC100519A89 /* foodAppWithReceiptViewUITests.swift */,
				C7A32FE129F08CC100519A89 /* foodAppWithReceiptViewUITestsLaunchTests.swift */,
			);
			path = foodAppWithReceiptViewUITests;
			sourceTree = "<group>";
		};
/* End PBXGroup section */

/* Begin PBXNativeTarget section */
		C7A32FBF29F08CC000519A89 /* foodAppWithReceiptView */ = {
			isa = PBXNativeTarget;
			buildConfigurationList = C7A32FE529F08CC100519A89 /* Build configuration list for PBXNativeTarget "foodAppWithReceiptView" */;
			buildPhases = (
				C7A32FBC29F08CC000519A89 /* Sources */,
				C7A32FBD29F08CC000519A89 /* Frameworks */,
				C7A32FBE29F08CC000519A89 /* Resources */,
			);
			buildRules = (
			);
			dependencies = (
			);
			name = foodAppWithReceiptView;
			productName = foodAppWithReceiptView;
			productReference = C7A32FC029F08CC000519A89 /* foodAppWithReceiptView.app */;
			productType = "com.apple.product-type.application";
		};
		C7A32FD029F08CC100519A89 /* foodAppWithReceiptViewTests */ = {
			isa = PBXNativeTarget;
			buildConfigurationList = C7A32FE829F08CC100519A89 /* Build configuration list for PBXNativeTarget "foodAppWithReceiptViewTests" */;
			buildPhases = (
				C7A32FCD29F08CC100519A89 /* Sources */,
				C7A32FCE29F08CC100519A89 /* Frameworks */,
				C7A32FCF29F08CC100519A89 /* Resources */,
			);
			buildRules = (
			);
			dependencies = (
				C7A32FD329F08CC100519A89 /* PBXTargetDependency */,
			);
			name = foodAppWithReceiptViewTests;
			productName = foodAppWithReceiptViewTests;
			productReference = C7A32FD129F08CC100519A89 /* foodAppWithReceiptViewTests.xctest */;
			productType = "com.apple.product-type.bundle.unit-test";
		};
		C7A32FDA29F08CC100519A89 /* foodAppWithReceiptViewUITests */ = {
			isa = PBXNativeTarget;
			buildConfigurationList = C7A32FEB29F08CC100519A89 /* Build configuration list for PBXNativeTarget "foodAppWithReceiptViewUITests" */;
			buildPhases = (
				C7A32FD729F08CC100519A89 /* Sources */,
				C7A32FD829F08CC100519A89 /* Frameworks */,
				C7A32FD929F08CC100519A89 /* Resources */,
			);
			buildRules = (
			);
			dependencies = (
				C7A32FDD29F08CC100519A89 /* PBXTargetDependency */,
			);
			name = foodAppWithReceiptViewUITests;
			productName = foodAppWithReceiptViewUITests;
			productReference = C7A32FDB29F08CC100519A89 /* foodAppWithReceiptViewUITests.xctest */;
			productType = "com.apple.product-type.bundle.ui-testing";
		};
/* End PBXNativeTarget section */

/* Begin PBXProject section */
		C7A32FB829F08CC000519A89 /* Project object */ = {
			isa = PBXProject;
			attributes = {
				BuildIndependentTargetsInParallel = 1;
				LastSwiftUpdateCheck = 1420;
				LastUpgradeCheck = 1420;
				TargetAttributes = {
					C7A32FBF29F08CC000519A89 = {
						CreatedOnToolsVersion = 14.2;
					};
					C7A32FD029F08CC100519A89 = {
						CreatedOnToolsVersion = 14.2;
						TestTargetID = C7A32FBF29F08CC000519A89;
					};
					C7A32FDA29F08CC100519A89 = {
						CreatedOnToolsVersion = 14.2;
						TestTargetID = C7A32FBF29F08CC000519A89;
					};
				};
			};
			buildConfigurationList = C7A32FBB29F08CC000519A89 /* Build configuration list for PBXProject "foodAppWithReceiptView" */;
			compatibilityVersion = "Xcode 14.0";
			developmentRegion = en;
			hasScannedForEncodings = 0;
			knownRegions = (
				en,
				Base,
			);
			mainGroup = C7A32FB729F08CC000519A89;
			productRefGroup = C7A32FC129F08CC000519A89 /* Products */;
			projectDirPath = "";
			projectRoot = "";
			targets = (
				C7A32FBF29F08CC000519A89 /* foodAppWithReceiptView */,
				C7A32FD029F08CC100519A89 /* foodAppWithReceiptViewTests */,
				C7A32FDA29F08CC100519A89 /* foodAppWithReceiptViewUITests */,
			);
		};
/* End PBXProject section */

/* Begin PBXResourcesBuildPhase section */
		C7A32FBE29F08CC000519A89 /* Resources */ = {
			isa = PBXResourcesBuildPhase;
			buildActionMask = 2147483647;
			files = (
				C7A32FCC29F08CC100519A89 /* Preview Assets.xcassets in Resources */,
				C7A32FC829F08CC100519A89 /* Assets.xcassets in Resources */,
			);
			runOnlyForDeploymentPostprocessing = 0;
		};
		C7A32FCF29F08CC100519A89 /* Resources */ = {
			isa = PBXResourcesBuildPhase;
			buildActionMask = 2147483647;
			files = (
			);
			runOnlyForDeploymentPostprocessing = 0;
		};
		C7A32FD929F08CC100519A89 /* Resources */ = {
			isa = PBXResourcesBuildPhase;
			buildActionMask = 2147483647;
			files = (
			);
			runOnlyForDeploymentPostprocessing = 0;
		};
/* End PBXResourcesBuildPhase section */

/* Begin PBXSourcesBuildPhase section */
		C7A32FBC29F08CC000519A89 /* Sources */ = {
			isa = PBXSourcesBuildPhase;
			buildActionMask = 2147483647;
			files = (
				C7A32FF529F08E8600519A89 /* ApplicationData.swift in Sources */,
				C7A32FF329F08DD000519A89 /* FoodOrder.swift in Sources */,
				C7A32FEF29F08D8200519A89 /* FoodModel.swift in Sources */,
				C7A32FF929F08EEB00519A89 /* ReceiptView.swift in Sources */,
				C7A32FF729F08EAD00519A89 /* DetailView.swift in Sources */,
				C7A32FF129F08DA700519A89 /* FoodItemOrder.swift in Sources */,
				C7A32FC629F08CC000519A89 /* ContentView.swift in Sources */,
				C7A32FC429F08CC000519A89 /* foodAppWithReceiptViewApp.swift in Sources */,
			);
			runOnlyForDeploymentPostprocessing = 0;
		};
		C7A32FCD29F08CC100519A89 /* Sources */ = {
			isa = PBXSourcesBuildPhase;
			buildActionMask = 2147483647;
			files = (
				C7A32FD629F08CC100519A89 /* foodAppWithReceiptViewTests.swift in Sources */,
			);
			runOnlyForDeploymentPostprocessing = 0;
		};
		C7A32FD729F08CC100519A89 /* Sources */ = {
			isa = PBXSourcesBuildPhase;
			buildActionMask = 2147483647;
			files = (
				C7A32FE229F08CC100519A89 /* foodAppWithReceiptViewUITestsLaunchTests.swift in Sources */,
				C7A32FE029F08CC100519A89 /* foodAppWithReceiptViewUITests.swift in Sources */,
			);
			runOnlyForDeploymentPostprocessing = 0;
		};
/* End PBXSourcesBuildPhase section */

/* Begin PBXTargetDependency section */
		C7A32FD329F08CC100519A89 /* PBXTargetDependency */ = {
			isa = PBXTargetDependency;
			target = C7A32FBF29F08CC000519A89 /* foodAppWithReceiptView */;
			targetProxy = C7A32FD229F08CC100519A89 /* PBXContainerItemProxy */;
		};
		C7A32FDD29F08CC100519A89 /* PBXTargetDependency */ = {
			isa = PBXTargetDependency;
			target = C7A32FBF29F08CC000519A89 /* foodAppWithReceiptView */;
			targetProxy = C7A32FDC29F08CC100519A89 /* PBXContainerItemProxy */;
		};
/* End PBXTargetDependency section */

/* Begin XCBuildConfiguration section */
		C7A32FE329F08CC100519A89 /* Debug */ = {
			isa = XCBuildConfiguration;
			buildSettings = {
				ALWAYS_SEARCH_USER_PATHS = NO;
				CLANG_ANALYZER_NONNULL = YES;
				CLANG_ANALYZER_NUMBER_OBJECT_CONVERSION = YES_AGGRESSIVE;
				CLANG_CXX_LANGUAGE_STANDARD = "gnu++20";
				CLANG_ENABLE_MODULES = YES;
				CLANG_ENABLE_OBJC_ARC = YES;
				CLANG_ENABLE_OBJC_WEAK = YES;
				CLANG_WARN_BLOCK_CAPTURE_AUTORELEASING = YES;
				CLANG_WARN_BOOL_CONVERSION = YES;
				CLANG_WARN_COMMA = YES;
				CLANG_WARN_CONSTANT_CONVERSION = YES;
				CLANG_WARN_DEPRECATED_OBJC_IMPLEMENTATIONS = YES;
				CLANG_WARN_DIRECT_OBJC_ISA_USAGE = YES_ERROR;
				CLANG_WARN_DOCUMENTATION_COMMENTS = YES;
				CLANG_WARN_EMPTY_BODY = YES;
				CLANG_WARN_ENUM_CONVERSION = YES;
				CLANG_WARN_INFINITE_RECURSION = YES;
				CLANG_WARN_INT_CONVERSION = YES;
				CLANG_WARN_NON_LITERAL_NULL_CONVERSION = YES;
				CLANG_WARN_OBJC_IMPLICIT_RETAIN_SELF = YES;
				CLANG_WARN_OBJC_LITERAL_CONVERSION = YES;
				CLANG_WARN_OBJC_ROOT_CLASS = YES_ERROR;
				CLANG_WARN_QUOTED_INCLUDE_IN_FRAMEWORK_HEADER = YES;
				CLANG_WARN_RANGE_LOOP_ANALYSIS = YES;
				CLANG_WARN_STRICT_PROTOTYPES = YES;
				CLANG_WARN_SUSPICIOUS_MOVE = YES;
				CLANG_WARN_UNGUARDED_AVAILABILITY = YES_AGGRESSIVE;
				CLANG_WARN_UNREACHABLE_CODE = YES;
				CLANG_WARN__DUPLICATE_METHOD_MATCH = YES;
				COPY_PHASE_STRIP = NO;
				DEBUG_INFORMATION_FORMAT = dwarf;
				ENABLE_STRICT_OBJC_MSGSEND = YES;
				ENABLE_TESTABILITY = YES;
				GCC_C_LANGUAGE_STANDARD = gnu11;
				GCC_DYNAMIC_NO_PIC = NO;
				GCC_NO_COMMON_BLOCKS = YES;
				GCC_OPTIMIZATION_LEVEL = 0;
				GCC_PREPROCESSOR_DEFINITIONS = (
					"DEBUG=1",
					"$(inherited)",
				);
				GCC_WARN_64_TO_32_BIT_CONVERSION = YES;
				GCC_WARN_ABOUT_RETURN_TYPE = YES_ERROR;
				GCC_WARN_UNDECLARED_SELECTOR = YES;
				GCC_WARN_UNINITIALIZED_AUTOS = YES_AGGRESSIVE;
				GCC_WARN_UNUSED_FUNCTION = YES;
				GCC_WARN_UNUSED_VARIABLE = YES;
				MTL_ENABLE_DEBUG_INFO = INCLUDE_SOURCE;
				MTL_FAST_MATH = YES;
				ONLY_ACTIVE_ARCH = YES;
				SWIFT_ACTIVE_COMPILATION_CONDITIONS = DEBUG;
				SWIFT_OPTIMIZATION_LEVEL = "-Onone";
			};
			name = Debug;
		};
		C7A32FE429F08CC100519A89 /* Release */ = {
			isa = XCBuildConfiguration;
			buildSettings = {
				ALWAYS_SEARCH_USER_PATHS = NO;
				CLANG_ANALYZER_NONNULL = YES;
				CLANG_ANALYZER_NUMBER_OBJECT_CONVERSION = YES_AGGRESSIVE;
				CLANG_CXX_LANGUAGE_STANDARD = "gnu++20";
				CLANG_ENABLE_MODULES = YES;
				CLANG_ENABLE_OBJC_ARC = YES;
				CLANG_ENABLE_OBJC_WEAK = YES;
				CLANG_WARN_BLOCK_CAPTURE_AUTORELEASING = YES;
				CLANG_WARN_BOOL_CONVERSION = YES;
				CLANG_WARN_COMMA = YES;
				CLANG_WARN_CONSTANT_CONVERSION = YES;
				CLANG_WARN_DEPRECATED_OBJC_IMPLEMENTATIONS = YES;
				CLANG_WARN_DIRECT_OBJC_ISA_USAGE = YES_ERROR;
				CLANG_WARN_DOCUMENTATION_COMMENTS = YES;
				CLANG_WARN_EMPTY_BODY = YES;
				CLANG_WARN_ENUM_CONVERSION = YES;
				CLANG_WARN_INFINITE_RECURSION = YES;
				CLANG_WARN_INT_CONVERSION = YES;
				CLANG_WARN_NON_LITERAL_NULL_CONVERSION = YES;
				CLANG_WARN_OBJC_IMPLICIT_RETAIN_SELF = YES;
				CLANG_WARN_OBJC_LITERAL_CONVERSION = YES;
				CLANG_WARN_OBJC_ROOT_CLASS = YES_ERROR;
				CLANG_WARN_QUOTED_INCLUDE_IN_FRAMEWORK_HEADER = YES;
				CLANG_WARN_RANGE_LOOP_ANALYSIS = YES;
				CLANG_WARN_STRICT_PROTOTYPES = YES;
				CLANG_WARN_SUSPICIOUS_MOVE = YES;
				CLANG_WARN_UNGUARDED_AVAILABILITY = YES_AGGRESSIVE;
				CLANG_WARN_UNREACHABLE_CODE = YES;
				CLANG_WARN__DUPLICATE_METHOD_MATCH = YES;
				COPY_PHASE_STRIP = NO;
				DEBUG_INFORMATION_FORMAT = "dwarf-with-dsym";
				ENABLE_NS_ASSERTIONS = NO;
				ENABLE_STRICT_OBJC_MSGSEND = YES;
				GCC_C_LANGUAGE_STANDARD = gnu11;
				GCC_NO_COMMON_BLOCKS = YES;
				GCC_WARN_64_TO_32_BIT_CONVERSION = YES;
				GCC_WARN_ABOUT_RETURN_TYPE = YES_ERROR;
				GCC_WARN_UNDECLARED_SELECTOR = YES;
				GCC_WARN_UNINITIALIZED_AUTOS = YES_AGGRESSIVE;
				GCC_WARN_UNUSED_FUNCTION = YES;
				GCC_WARN_UNUSED_VARIABLE = YES;
				MTL_ENABLE_DEBUG_INFO = NO;
				MTL_FAST_MATH = YES;
				SWIFT_COMPILATION_MODE = wholemodule;
				SWIFT_OPTIMIZATION_LEVEL = "-O";
			};
			name = Release;
		};
		C7A32FE629F08CC100519A89 /* Debug */ = {
			isa = XCBuildConfiguration;
			buildSettings = {
				ASSETCATALOG_COMPILER_APPICON_NAME = AppIcon;
				ASSETCATALOG_COMPILER_GLOBAL_ACCENT_COLOR_NAME = AccentColor;
				CODE_SIGN_ENTITLEMENTS = foodAppWithReceiptView/foodAppWithReceiptView.entitlements;
				CODE_SIGN_STYLE = Automatic;
				CURRENT_PROJECT_VERSION = 1;
				DEVELOPMENT_ASSET_PATHS = "\"foodAppWithReceiptView/Preview Content\"";
				ENABLE_PREVIEWS = YES;
				GENERATE_INFOPLIST_FILE = YES;
				"INFOPLIST_KEY_UIApplicationSceneManifest_Generation[sdk=iphoneos*]" = YES;
				"INFOPLIST_KEY_UIApplicationSceneManifest_Generation[sdk=iphonesimulator*]" = YES;
				"INFOPLIST_KEY_UIApplicationSupportsIndirectInputEvents[sdk=iphoneos*]" = YES;
				"INFOPLIST_KEY_UIApplicationSupportsIndirectInputEvents[sdk=iphonesimulator*]" = YES;
				"INFOPLIST_KEY_UILaunchScreen_Generation[sdk=iphoneos*]" = YES;
				"INFOPLIST_KEY_UILaunchScreen_Generation[sdk=iphonesimulator*]" = YES;
				"INFOPLIST_KEY_UIStatusBarStyle[sdk=iphoneos*]" = UIStatusBarStyleDefault;
				"INFOPLIST_KEY_UIStatusBarStyle[sdk=iphonesimulator*]" = UIStatusBarStyleDefault;
				INFOPLIST_KEY_UISupportedInterfaceOrientations_iPad = "UIInterfaceOrientationPortrait UIInterfaceOrientationPortraitUpsideDown UIInterfaceOrientationLandscapeLeft UIInterfaceOrientationLandscapeRight";
				INFOPLIST_KEY_UISupportedInterfaceOrientations_iPhone = "UIInterfaceOrientationPortrait UIInterfaceOrientationLandscapeLeft UIInterfaceOrientationLandscapeRight";
				IPHONEOS_DEPLOYMENT_TARGET = 16.2;
				LD_RUNPATH_SEARCH_PATHS = "@executable_path/Frameworks";
				"LD_RUNPATH_SEARCH_PATHS[sdk=macosx*]" = "@executable_path/../Frameworks";
				MACOSX_DEPLOYMENT_TARGET = 12.6;
				MARKETING_VERSION = 1.0;
				PRODUCT_BUNDLE_IDENTIFIER = peterdeyi.foodAppWithReceiptView;
				PRODUCT_NAME = "$(TARGET_NAME)";
				SDKROOT = auto;
				SUPPORTED_PLATFORMS = "iphoneos iphonesimulator macosx";
				SWIFT_EMIT_LOC_STRINGS = YES;
				SWIFT_VERSION = 5.0;
				TARGETED_DEVICE_FAMILY = "1,2";
			};
			name = Debug;
		};
		C7A32FE729F08CC100519A89 /* Release */ = {
			isa = XCBuildConfiguration;
			buildSettings = {
				ASSETCATALOG_COMPILER_APPICON_NAME = AppIcon;
				ASSETCATALOG_COMPILER_GLOBAL_ACCENT_COLOR_NAME = AccentColor;
				CODE_SIGN_ENTITLEMENTS = foodAppWithReceiptView/foodAppWithReceiptView.entitlements;
				CODE_SIGN_STYLE = Automatic;
				CURRENT_PROJECT_VERSION = 1;
				DEVELOPMENT_ASSET_PATHS = "\"foodAppWithReceiptView/Preview Content\"";
				ENABLE_PREVIEWS = YES;
				GENERATE_INFOPLIST_FILE = YES;
				"INFOPLIST_KEY_UIApplicationSceneManifest_Generation[sdk=iphoneos*]" = YES;
				"INFOPLIST_KEY_UIApplicationSceneManifest_Generation[sdk=iphonesimulator*]" = YES;
				"INFOPLIST_KEY_UIApplicationSupportsIndirectInputEvents[sdk=iphoneos*]" = YES;
				"INFOPLIST_KEY_UIApplicationSupportsIndirectInputEvents[sdk=iphonesimulator*]" = YES;
				"INFOPLIST_KEY_UILaunchScreen_Generation[sdk=iphoneos*]" = YES;
				"INFOPLIST_KEY_UILaunchScreen_Generation[sdk=iphonesimulator*]" = YES;
				"INFOPLIST_KEY_UIStatusBarStyle[sdk=iphoneos*]" = UIStatusBarStyleDefault;
				"INFOPLIST_KEY_UIStatusBarStyle[sdk=iphonesimulator*]" = UIStatusBarStyleDefault;
				INFOPLIST_KEY_UISupportedInterfaceOrientations_iPad = "UIInterfaceOrientationPortrait UIInterfaceOrientationPortraitUpsideDown UIInterfaceOrientationLandscapeLeft UIInterfaceOrientationLandscapeRight";
				INFOPLIST_KEY_UISupportedInterfaceOrientations_iPhone = "UIInterfaceOrientationPortrait UIInterfaceOrientationLandscapeLeft UIInterfaceOrientationLandscapeRight";
				IPHONEOS_DEPLOYMENT_TARGET = 16.2;
				LD_RUNPATH_SEARCH_PATHS = "@executable_path/Frameworks";
				"LD_RUNPATH_SEARCH_PATHS[sdk=macosx*]" = "@executable_path/../Frameworks";
				MACOSX_DEPLOYMENT_TARGET = 12.6;
				MARKETING_VERSION = 1.0;
				PRODUCT_BUNDLE_IDENTIFIER = peterdeyi.foodAppWithReceiptView;
				PRODUCT_NAME = "$(TARGET_NAME)";
				SDKROOT = auto;
				SUPPORTED_PLATFORMS = "iphoneos iphonesimulator macosx";
				SWIFT_EMIT_LOC_STRINGS = YES;
				SWIFT_VERSION = 5.0;
				TARGETED_DEVICE_FAMILY = "1,2";
			};
			name = Release;
		};
		C7A32FE929F08CC100519A89 /* Debug */ = {
			isa = XCBuildConfiguration;
			buildSettings = {
				ALWAYS_EMBED_SWIFT_STANDARD_LIBRARIES = YES;
				BUNDLE_LOADER = "$(TEST_HOST)";
				CODE_SIGN_STYLE = Automatic;
				CURRENT_PROJECT_VERSION = 1;
				GENERATE_INFOPLIST_FILE = YES;
				IPHONEOS_DEPLOYMENT_TARGET = 16.2;
				MACOSX_DEPLOYMENT_TARGET = 12.6;
				MARKETING_VERSION = 1.0;
				PRODUCT_BUNDLE_IDENTIFIER = peterdeyi.foodAppWithReceiptViewTests;
				PRODUCT_NAME = "$(TARGET_NAME)";
				SDKROOT = auto;
				SUPPORTED_PLATFORMS = "iphoneos iphonesimulator macosx";
				SWIFT_EMIT_LOC_STRINGS = NO;
				SWIFT_VERSION = 5.0;
				TARGETED_DEVICE_FAMILY = "1,2";
				TEST_HOST = "$(BUILT_PRODUCTS_DIR)/foodAppWithReceiptView.app/$(BUNDLE_EXECUTABLE_FOLDER_PATH)/foodAppWithReceiptView";
			};
			name = Debug;
		};
		C7A32FEA29F08CC100519A89 /* Release */ = {
			isa = XCBuildConfiguration;
			buildSettings = {
				ALWAYS_EMBED_SWIFT_STANDARD_LIBRARIES = YES;
				BUNDLE_LOADER = "$(TEST_HOST)";
				CODE_SIGN_STYLE = Automatic;
				CURRENT_PROJECT_VERSION = 1;
				GENERATE_INFOPLIST_FILE = YES;
				IPHONEOS_DEPLOYMENT_TARGET = 16.2;
				MACOSX_DEPLOYMENT_TARGET = 12.6;
				MARKETING_VERSION = 1.0;
				PRODUCT_BUNDLE_IDENTIFIER = peterdeyi.foodAppWithReceiptViewTests;
				PRODUCT_NAME = "$(TARGET_NAME)";
				SDKROOT = auto;
				SUPPORTED_PLATFORMS = "iphoneos iphonesimulator macosx";
				SWIFT_EMIT_LOC_STRINGS = NO;
				SWIFT_VERSION = 5.0;
				TARGETED_DEVICE_FAMILY = "1,2";
				TEST_HOST = "$(BUILT_PRODUCTS_DIR)/foodAppWithReceiptView.app/$(BUNDLE_EXECUTABLE_FOLDER_PATH)/foodAppWithReceiptView";
			};
			name = Release;
		};
		C7A32FEC29F08CC100519A89 /* Debug */ = {
			isa = XCBuildConfiguration;
			buildSettings = {
				ALWAYS_EMBED_SWIFT_STANDARD_LIBRARIES = YES;
				CODE_SIGN_STYLE = Automatic;
				CURRENT_PROJECT_VERSION = 1;
				GENERATE_INFOPLIST_FILE = YES;
				IPHONEOS_DEPLOYMENT_TARGET = 16.2;
				MACOSX_DEPLOYMENT_TARGET = 12.6;
				MARKETING_VERSION = 1.0;
				PRODUCT_BUNDLE_IDENTIFIER = peterdeyi.foodAppWithReceiptViewUITests;
				PRODUCT_NAME = "$(TARGET_NAME)";
				SDKROOT = auto;
				SUPPORTED_PLATFORMS = "iphoneos iphonesimulator macosx";
				SWIFT_EMIT_LOC_STRINGS = NO;
				SWIFT_VERSION = 5.0;
				TARGETED_DEVICE_FAMILY = "1,2";
				TEST_TARGET_NAME = foodAppWithReceiptView;
			};
			name = Debug;
		};
		C7A32FED29F08CC100519A89 /* Release */ = {
			isa = XCBuildConfiguration;
			buildSettings = {
				ALWAYS_EMBED_SWIFT_STANDARD_LIBRARIES = YES;
				CODE_SIGN_STYLE = Automatic;
				CURRENT_PROJECT_VERSION = 1;
				GENERATE_INFOPLIST_FILE = YES;
				IPHONEOS_DEPLOYMENT_TARGET = 16.2;
				MACOSX_DEPLOYMENT_TARGET = 12.6;
				MARKETING_VERSION = 1.0;
				PRODUCT_BUNDLE_IDENTIFIER = peterdeyi.foodAppWithReceiptViewUITests;
				PRODUCT_NAME = "$(TARGET_NAME)";
				SDKROOT = auto;
				SUPPORTED_PLATFORMS = "iphoneos iphonesimulator macosx";
				SWIFT_EMIT_LOC_STRINGS = NO;
				SWIFT_VERSION = 5.0;
				TARGETED_DEVICE_FAMILY = "1,2";
				TEST_TARGET_NAME = foodAppWithReceiptView;
			};
			name = Release;
		};
/* End XCBuildConfiguration section */

/* Begin XCConfigurationList section */
		C7A32FBB29F08CC000519A89 /* Build configuration list for PBXProject "foodAppWithReceiptView" */ = {
			isa = XCConfigurationList;
			buildConfigurations = (
				C7A32FE329F08CC100519A89 /* Debug */,
				C7A32FE429F08CC100519A89 /* Release */,
			);
			defaultConfigurationIsVisible = 0;
			defaultConfigurationName = Release;
		};
		C7A32FE529F08CC100519A89 /* Build configuration list for PBXNativeTarget "foodAppWithReceiptView" */ = {
			isa = XCConfigurationList;
			buildConfigurations = (
				C7A32FE629F08CC100519A89 /* Debug */,
				C7A32FE729F08CC100519A89 /* Release */,
			);
			defaultConfigurationIsVisible = 0;
			defaultConfigurationName = Release;
		};
		C7A32FE829F08CC100519A89 /* Build configuration list for PBXNativeTarget "foodAppWithReceiptViewTests" */ = {
			isa = XCConfigurationList;
			buildConfigurations = (
				C7A32FE929F08CC100519A89 /* Debug */,
				C7A32FEA29F08CC100519A89 /* Release */,
			);
			defaultConfigurationIsVisible = 0;
			defaultConfigurationName = Release;
		};
		C7A32FEB29F08CC100519A89 /* Build configuration list for PBXNativeTarget "foodAppWithReceiptViewUITests" */ = {
			isa = XCConfigurationList;
			buildConfigurations = (
				C7A32FEC29F08CC100519A89 /* Debug */,
				C7A32FED29F08CC100519A89 /* Release */,
			);
			defaultConfigurationIsVisible = 0;
			defaultConfigurationName = Release;
		};
/* End XCConfigurationList section */
	};
	rootObject = C7A32FB829F08CC000519A89 /* Project object */;
}
